Microsoft Visual Studio Solution File, Format Version 12.00
# Visual Studio Version 17
VisualStudioVersion = 17.5.2.0
MinimumVisualStudioVersion = 10.0.40219.1
Project("{FAE04EC0-301F-11D3-BF4B-00C04F79EFBC}") = "OvertimeCalculator", "OvertimeCalculator\OvertimeCalculator.csproj", "{CD5CCC04-7EDE-2801-11DE-0B0F0002450D}"
EndProject
Global
	GlobalSection(SolutionConfigurationPlatforms) = preSolution
		Debug|Any CPU = Debug|Any CPU
		Release|Any CPU = Release|Any CPU
	EndGlobalSection
	GlobalSection(ProjectConfigurationPlatforms) = postSolution
		{CD5CCC04-7EDE-2801-11DE-0B0F0002450D}.Debug|Any CPU.ActiveCfg = Debug|Any CPU
		{CD5CCC04-7EDE-2801-11DE-0B0F0002450D}.Debug|Any CPU.Build.0 = Debug|Any CPU
		{CD5CCC04-7EDE-2801-11DE-0B0F0002450D}.Release|Any CPU.ActiveCfg = Release|Any CPU
		{CD5CCC04-7EDE-2801-11DE-0B0F0002450D}.Release|Any CPU.Build.0 = Release|Any CPU
	EndGlobalSection
	GlobalSection(SolutionProperties) = preSolution
		HideSolutionNode = FALSE
	EndGlobalSection
	GlobalSection(ExtensibilityGlobals) = postSolution
		SolutionGuid = {35CB8E0B-3DEB-4C7F-8F3F-54BD2AA5E546}
	EndGlobalSection
EndGlobal
